
Microsoft Visual Studio Solution File, Format Version 12.00
# Visual Studio Version 17
VisualStudioVersion = 17.13.35931.197
MinimumVisualStudioVersion = 10.0.40219.1
Project("{FAE04EC0-301F-11D3-BF4B-00C04F79EFBC}") = "WAPPAssignment", "WAPPAssignment.csproj", "{AFF37A1F-0000-4536-A846-2C22AE536434}"
EndProject
Global
	GlobalSection(SolutionConfigurationPlatforms) = preSolution
		Debug|Any CPU = Debug|Any CPU
		Release|Any CPU = Release|Any CPU
	EndGlobalSection
	GlobalSection(ProjectConfigurationPlatforms) = postSolution
		{AFF37A1F-0000-4536-A846-2C22AE536434}.Debug|Any CPU.ActiveCfg = Debug|Any CPU
		{AFF37A1F-0000-4536-A846-2C22AE536434}.Debug|Any CPU.Build.0 = Debug|Any CPU
		{AFF37A1F-0000-4536-A846-2C22AE536434}.Release|Any CPU.ActiveCfg = Release|Any CPU
		{AFF37A1F-0000-4536-A846-2C22AE536434}.Release|Any CPU.Build.0 = Release|Any CPU
	EndGlobalSection
	GlobalSection(SolutionProperties) = preSolution
		HideSolutionNode = FALSE
	EndGlobalSection
	GlobalSection(ExtensibilityGlobals) = postSolution
		SolutionGuid = {C5411EB7-ADDD-416D-9004-8ED7114A7969}
	EndGlobalSection
EndGlobal
